
Microsoft Visual Studio Solution File, Format Version 12.00
# Visual Studio Version 17
VisualStudioVersion = 17.0.31903.59
MinimumVisualStudioVersion = 10.0.40219.1
Project("{FAE04EC0-301F-11D3-BF4B-00C04F79EFBC}") = "WebApplication", "WebApplication\WebApplication.csproj", "{32017FA8-14E8-4A0D-A613-B17E9B45680C}"
EndProject
Project("{FAE04EC0-301F-11D3-BF4B-00C04F79EFBC}") = "MyLibrary", "MyLibrary\MyLibrary.csproj", "{F4742091-F067-4677-92BB-CB389F9B2EC7}"
EndProject
Project("{FAE04EC0-301F-11D3-BF4B-00C04F79EFBC}") = "MyTests", "MyTests\MyTests.csproj", "{A6792E89-C7A4-46BD-B476-6CBCCE40E1F8}"
EndProject
Global
	GlobalSection(SolutionConfigurationPlatforms) = preSolution
		Debug|Any CPU = Debug|Any CPU
		Debug|x64 = Debug|x64
		Debug|x86 = Debug|x86
		Release|Any CPU = Release|Any CPU
		Release|x64 = Release|x64
		Release|x86 = Release|x86
	EndGlobalSection
	GlobalSection(ProjectConfigurationPlatforms) = postSolution
		{32017FA8-14E8-4A0D-A613-B17E9B45680C}.Debug|Any CPU.ActiveCfg = Debug|Any CPU
		{32017FA8-14E8-4A0D-A613-B17E9B45680C}.Debug|Any CPU.Build.0 = Debug|Any CPU
		{32017FA8-14E8-4A0D-A613-B17E9B45680C}.Debug|x64.ActiveCfg = Debug|Any CPU
		{32017FA8-14E8-4A0D-A613-B17E9B45680C}.Debug|x64.Build.0 = Debug|Any CPU
		{32017FA8-14E8-4A0D-A613-B17E9B45680C}.Debug|x86.ActiveCfg = Debug|Any CPU
		{32017FA8-14E8-4A0D-A613-B17E9B45680C}.Debug|x86.Build.0 = Debug|Any CPU
		{32017FA8-14E8-4A0D-A613-B17E9B45680C}.Release|Any CPU.ActiveCfg = Release|Any CPU
		{32017FA8-14E8-4A0D-A613-B17E9B45680C}.Release|Any CPU.Build.0 = Release|Any CPU
		{32017FA8-14E8-4A0D-A613-B17E9B45680C}.Release|x64.ActiveCfg = Release|Any CPU
		{32017FA8-14E8-4A0D-A613-B17E9B45680C}.Release|x64.Build.0 = Release|Any CPU
		{32017FA8-14E8-4A0D-A613-B17E9B45680C}.Release|x86.ActiveCfg = Release|Any CPU
		{32017FA8-14E8-4A0D-A613-B17E9B45680C}.Release|x86.Build.0 = Release|Any CPU
		{F4742091-F067-4677-92BB-CB389F9B2EC7}.Debug|Any CPU.ActiveCfg = Debug|Any CPU
		{F4742091-F067-4677-92BB-CB389F9B2EC7}.Debug|Any CPU.Build.0 = Debug|Any CPU
		{F4742091-F067-4677-92BB-CB389F9B2EC7}.Debug|x64.ActiveCfg = Debug|Any CPU
		{F4742091-F067-4677-92BB-CB389F9B2EC7}.Debug|x64.Build.0 = Debug|Any CPU
		{F4742091-F067-4677-92BB-CB389F9B2EC7}.Debug|x86.ActiveCfg = Debug|Any CPU
		{F4742091-F067-4677-92BB-CB389F9B2EC7}.Debug|x86.Build.0 = Debug|Any CPU
		{F4742091-F067-4677-92BB-CB389F9B2EC7}.Release|Any CPU.ActiveCfg = Release|Any CPU
		{F4742091-F067-4677-92BB-CB389F9B2EC7}.Release|Any CPU.Build.0 = Release|Any CPU
		{F4742091-F067-4677-92BB-CB389F9B2EC7}.Release|x64.ActiveCfg = Release|Any CPU
		{F4742091-F067-4677-92BB-CB389F9B2EC7}.Release|x64.Build.0 = Release|Any CPU
		{F4742091-F067-4677-92BB-CB389F9B2EC7}.Release|x86.ActiveCfg = Release|Any CPU
		{F4742091-F067-4677-92BB-CB389F9B2EC7}.Release|x86.Build.0 = Release|Any CPU
		{A6792E89-C7A4-46BD-B476-6CBCCE40E1F8}.Debug|Any CPU.ActiveCfg = Debug|Any CPU
		{A6792E89-C7A4-46BD-B476-6CBCCE40E1F8}.Debug|Any CPU.Build.0 = Debug|Any CPU
		{A6792E89-C7A4-46BD-B476-6CBCCE40E1F8}.Debug|x64.ActiveCfg = Debug|Any CPU
		{A6792E89-C7A4-46BD-B476-6CBCCE40E1F8}.Debug|x64.Build.0 = Debug|Any CPU
		{A6792E89-C7A4-46BD-B476-6CBCCE40E1F8}.Debug|x86.ActiveCfg = Debug|Any CPU
		{A6792E89-C7A4-46BD-B476-6CBCCE40E1F8}.Debug|x86.Build.0 = Debug|Any CPU
		{A6792E89-C7A4-46BD-B476-6CBCCE40E1F8}.Release|Any CPU.ActiveCfg = Release|Any CPU
		{A6792E89-C7A4-46BD-B476-6CBCCE40E1F8}.Release|Any CPU.Build.0 = Release|Any CPU
		{A6792E89-C7A4-46BD-B476-6CBCCE40E1F8}.Release|x64.ActiveCfg = Release|Any CPU
		{A6792E89-C7A4-46BD-B476-6CBCCE40E1F8}.Release|x64.Build.0 = Release|Any CPU
		{A6792E89-C7A4-46BD-B476-6CBCCE40E1F8}.Release|x86.ActiveCfg = Release|Any CPU
		{A6792E89-C7A4-46BD-B476-6CBCCE40E1F8}.Release|x86.Build.0 = Release|Any CPU
	EndGlobalSection
	GlobalSection(SolutionProperties) = preSolution
		HideSolutionNode = FALSE
	EndGlobalSection
EndGlobal
